
Microsoft Visual Studio Solution File, Format Version 12.00
# Visual Studio 2012
Project("{FAE04EC0-301F-11D3-BF4B-00C04F79EFBC}") = "School", "School\School.csproj", "{0600CEAB-0FA1-493C-B7F3-342E1DF1177E}"
EndProject
Project("{FAE04EC0-301F-11D3-BF4B-00C04F79EFBC}") = "SchoolTest", "SchoolTest\SchoolTest.csproj", "{C6F581AD-1D3C-48AB-87DE-BB9BC854627F}"
EndProject
Global
	GlobalSection(SolutionConfigurationPlatforms) = preSolution
		Debug|Any CPU = Debug|Any CPU
		Release|Any CPU = Release|Any CPU
	EndGlobalSection
	GlobalSection(ProjectConfigurationPlatforms) = postSolution
		{0600CEAB-0FA1-493C-B7F3-342E1DF1177E}.Debug|Any CPU.ActiveCfg = Debug|Any CPU
		{0600CEAB-0FA1-493C-B7F3-342E1DF1177E}.Debug|Any CPU.Build.0 = Debug|Any CPU
		{0600CEAB-0FA1-493C-B7F3-342E1DF1177E}.Release|Any CPU.ActiveCfg = Release|Any CPU
		{0600CEAB-0FA1-493C-B7F3-342E1DF1177E}.Release|Any CPU.Build.0 = Release|Any CPU
		{C6F581AD-1D3C-48AB-87DE-BB9BC854627F}.Debug|Any CPU.ActiveCfg = Debug|Any CPU
		{C6F581AD-1D3C-48AB-87DE-BB9BC854627F}.Debug|Any CPU.Build.0 = Debug|Any CPU
		{C6F581AD-1D3C-48AB-87DE-BB9BC854627F}.Release|Any CPU.ActiveCfg = Release|Any CPU
		{C6F581AD-1D3C-48AB-87DE-BB9BC854627F}.Release|Any CPU.Build.0 = Release|Any CPU
	EndGlobalSection
	GlobalSection(SolutionProperties) = preSolution
		HideSolutionNode = FALSE
	EndGlobalSection
EndGlobal
