
Microsoft Visual Studio Solution File, Format Version 12.00
# Visual Studio 2012
Project("{FAE04EC0-301F-11D3-BF4B-00C04F79EFBC}") = "4.ConsoleMinesweeper", "4.ConsoleMinesweeper.csproj", "{B20E8DFD-5F12-4358-849D-1F25806E9052}"
EndProject
Project("{FAE04EC0-301F-11D3-BF4B-00C04F79EFBC}") = "2.Person", "Person\2.Person.csproj", "{BAD3A547-9F3B-47A8-AA0B-F2DEF5D97900}"
EndProject
Project("{FAE04EC0-301F-11D3-BF4B-00C04F79EFBC}") = "3.BrowserChecker", "BrowserChecker\3.BrowserChecker.csproj", "{C41981CA-2A7E-48C4-87B6-0DC4701817CD}"
EndProject
Project("{FAE04EC0-301F-11D3-BF4B-00C04F79EFBC}") = "1.BoolPrinter", "BoolPrinter\1.BoolPrinter.csproj", "{6D4F7B6A-8F4C-4723-BE07-6566F6826037}"
EndProject
Global
	GlobalSection(SolutionConfigurationPlatforms) = preSolution
		Debug|Any CPU = Debug|Any CPU
		Release|Any CPU = Release|Any CPU
	EndGlobalSection
	GlobalSection(ProjectConfigurationPlatforms) = postSolution
		{B20E8DFD-5F12-4358-849D-1F25806E9052}.Debug|Any CPU.ActiveCfg = Debug|Any CPU
		{B20E8DFD-5F12-4358-849D-1F25806E9052}.Debug|Any CPU.Build.0 = Debug|Any CPU
		{B20E8DFD-5F12-4358-849D-1F25806E9052}.Release|Any CPU.ActiveCfg = Release|Any CPU
		{B20E8DFD-5F12-4358-849D-1F25806E9052}.Release|Any CPU.Build.0 = Release|Any CPU
		{BAD3A547-9F3B-47A8-AA0B-F2DEF5D97900}.Debug|Any CPU.ActiveCfg = Debug|Any CPU
		{BAD3A547-9F3B-47A8-AA0B-F2DEF5D97900}.Debug|Any CPU.Build.0 = Debug|Any CPU
		{BAD3A547-9F3B-47A8-AA0B-F2DEF5D97900}.Release|Any CPU.ActiveCfg = Release|Any CPU
		{BAD3A547-9F3B-47A8-AA0B-F2DEF5D97900}.Release|Any CPU.Build.0 = Release|Any CPU
		{C41981CA-2A7E-48C4-87B6-0DC4701817CD}.Debug|Any CPU.ActiveCfg = Debug|Any CPU
		{C41981CA-2A7E-48C4-87B6-0DC4701817CD}.Debug|Any CPU.Build.0 = Debug|Any CPU
		{C41981CA-2A7E-48C4-87B6-0DC4701817CD}.Release|Any CPU.ActiveCfg = Release|Any CPU
		{C41981CA-2A7E-48C4-87B6-0DC4701817CD}.Release|Any CPU.Build.0 = Release|Any CPU
		{6D4F7B6A-8F4C-4723-BE07-6566F6826037}.Debug|Any CPU.ActiveCfg = Debug|Any CPU
		{6D4F7B6A-8F4C-4723-BE07-6566F6826037}.Debug|Any CPU.Build.0 = Debug|Any CPU
		{6D4F7B6A-8F4C-4723-BE07-6566F6826037}.Release|Any CPU.ActiveCfg = Release|Any CPU
		{6D4F7B6A-8F4C-4723-BE07-6566F6826037}.Release|Any CPU.Build.0 = Release|Any CPU
	EndGlobalSection
	GlobalSection(SolutionProperties) = preSolution
		HideSolutionNode = FALSE
	EndGlobalSection
EndGlobal
