
Microsoft Visual Studio Solution File, Format Version 12.00
# Visual Studio 2012
Project("{FAE04EC0-301F-11D3-BF4B-00C04F79EFBC}") = "01.SqrtHandled", "SqrtHandled\01.SqrtHandled.csproj", "{D6F56FA8-8BB6-4BBE-BC33-ADAD3F70AA92}"
EndProject
Project("{FAE04EC0-301F-11D3-BF4B-00C04F79EFBC}") = "02.ReadSomeNumbers", "ReadSomeNumbers\02.ReadSomeNumbers.csproj", "{B4BF169D-A3BD-4724-BB6F-E794D3CF6CC5}"
EndProject
Project("{FAE04EC0-301F-11D3-BF4B-00C04F79EFBC}") = "03.ReadAndPrintFIle", "ReadAndPrintFIle\03.ReadAndPrintFIle.csproj", "{E9CB3571-FD1C-4CB5-B5FB-EE8AF1A41AEE}"
EndProject
Project("{FAE04EC0-301F-11D3-BF4B-00C04F79EFBC}") = "04.DownloadFile", "DownloadFile\04.DownloadFile.csproj", "{2BE645A5-7740-4623-894B-9B488828440B}"
EndProject
Global
	GlobalSection(SolutionConfigurationPlatforms) = preSolution
		Debug|Any CPU = Debug|Any CPU
		Release|Any CPU = Release|Any CPU
	EndGlobalSection
	GlobalSection(ProjectConfigurationPlatforms) = postSolution
		{D6F56FA8-8BB6-4BBE-BC33-ADAD3F70AA92}.Debug|Any CPU.ActiveCfg = Debug|Any CPU
		{D6F56FA8-8BB6-4BBE-BC33-ADAD3F70AA92}.Debug|Any CPU.Build.0 = Debug|Any CPU
		{D6F56FA8-8BB6-4BBE-BC33-ADAD3F70AA92}.Release|Any CPU.ActiveCfg = Release|Any CPU
		{D6F56FA8-8BB6-4BBE-BC33-ADAD3F70AA92}.Release|Any CPU.Build.0 = Release|Any CPU
		{B4BF169D-A3BD-4724-BB6F-E794D3CF6CC5}.Debug|Any CPU.ActiveCfg = Debug|Any CPU
		{B4BF169D-A3BD-4724-BB6F-E794D3CF6CC5}.Debug|Any CPU.Build.0 = Debug|Any CPU
		{B4BF169D-A3BD-4724-BB6F-E794D3CF6CC5}.Release|Any CPU.ActiveCfg = Release|Any CPU
		{B4BF169D-A3BD-4724-BB6F-E794D3CF6CC5}.Release|Any CPU.Build.0 = Release|Any CPU
		{E9CB3571-FD1C-4CB5-B5FB-EE8AF1A41AEE}.Debug|Any CPU.ActiveCfg = Debug|Any CPU
		{E9CB3571-FD1C-4CB5-B5FB-EE8AF1A41AEE}.Debug|Any CPU.Build.0 = Debug|Any CPU
		{E9CB3571-FD1C-4CB5-B5FB-EE8AF1A41AEE}.Release|Any CPU.ActiveCfg = Release|Any CPU
		{E9CB3571-FD1C-4CB5-B5FB-EE8AF1A41AEE}.Release|Any CPU.Build.0 = Release|Any CPU
		{2BE645A5-7740-4623-894B-9B488828440B}.Debug|Any CPU.ActiveCfg = Debug|Any CPU
		{2BE645A5-7740-4623-894B-9B488828440B}.Debug|Any CPU.Build.0 = Debug|Any CPU
		{2BE645A5-7740-4623-894B-9B488828440B}.Release|Any CPU.ActiveCfg = Release|Any CPU
		{2BE645A5-7740-4623-894B-9B488828440B}.Release|Any CPU.Build.0 = Release|Any CPU
	EndGlobalSection
	GlobalSection(SolutionProperties) = preSolution
		HideSolutionNode = FALSE
	EndGlobalSection
EndGlobal
