
Microsoft Visual Studio Solution File, Format Version 12.00
# Visual Studio 2012
Project("{FAE04EC0-301F-11D3-BF4B-00C04F79EFBC}") = "1.ChooseAppropriateType", "ChooseAppropriateType\1.ChooseAppropriateType.csproj", "{26557794-9C2A-43CC-A1CB-077075FE789C}"
EndProject
Project("{FAE04EC0-301F-11D3-BF4B-00C04F79EFBC}") = "2.FloatOrDouble", "FloatOrDouble\2.FloatOrDouble.csproj", "{18A2DA15-8738-4339-B81C-56761CECA2B9}"
EndProject
Project("{FAE04EC0-301F-11D3-BF4B-00C04F79EFBC}") = "3.CompareTwoFloatingPointNumbers", "CompareTwoFloatingPointNumbers\3.CompareTwoFloatingPointNumbers.csproj", "{DA525CD2-29C5-4CAB-82C5-19E0238C0150}"
EndProject
Project("{FAE04EC0-301F-11D3-BF4B-00C04F79EFBC}") = "4.IntToHexadecimal", "IntToHexadecimal\4.IntToHexadecimal.csproj", "{B34C5D2D-C9E5-4D4C-85F9-A61DC870DB01}"
EndProject
Project("{FAE04EC0-301F-11D3-BF4B-00C04F79EFBC}") = "5.CharFromHedadecimal", "CharFromHedadecimal\5.CharFromHedadecimal.csproj", "{FBF746AB-3267-4E42-95D7-877BC24338D4}"
EndProject
Project("{FAE04EC0-301F-11D3-BF4B-00C04F79EFBC}") = "6.Gender", "Gender\6.Gender.csproj", "{22485379-CD9E-4022-B068-A7603018CC96}"
EndProject
Project("{FAE04EC0-301F-11D3-BF4B-00C04F79EFBC}") = "7.HelloWorldString", "HelloWorldString\7.HelloWorldString.csproj", "{059F28F6-EADF-4D40-AE7F-AC329CCD81CC}"
EndProject
Project("{FAE04EC0-301F-11D3-BF4B-00C04F79EFBC}") = "8.QuotationsStrings", "QuotationsStrings\8.QuotationsStrings.csproj", "{F803D6E5-989F-4FFA-847E-94B77CF408C4}"
EndProject
Project("{FAE04EC0-301F-11D3-BF4B-00C04F79EFBC}") = "9.CopyRightTriangle", "CopyRightTriangle\9.CopyRightTriangle.csproj", "{44EAFE32-0AC8-4333-AB42-AD2EF8E30B2A}"
EndProject
Project("{FAE04EC0-301F-11D3-BF4B-00C04F79EFBC}") = "10.EmployeesRecord", "EmployeesRecord\10.EmployeesRecord.csproj", "{329F918C-0859-48B2-99CC-FE74085149C2}"
EndProject
Project("{FAE04EC0-301F-11D3-BF4B-00C04F79EFBC}") = "11.SwapValues", "SwapValues\11.SwapValues.csproj", "{539519E7-B4F6-4C01-BD1D-6F01AF510B38}"
EndProject
Project("{FAE04EC0-301F-11D3-BF4B-00C04F79EFBC}") = "12.ASCIIPrint", "ASCIIPrint\12.ASCIIPrint.csproj", "{1D77DC86-5CD0-4E29-AA15-21C85DEE6E09}"
EndProject
Project("{FAE04EC0-301F-11D3-BF4B-00C04F79EFBC}") = "13.NullValues", "NullValues\13.NullValues.csproj", "{8D7BC65A-35F6-4AA7-93C5-AB849F418AD2}"
EndProject
Project("{FAE04EC0-301F-11D3-BF4B-00C04F79EFBC}") = "14.BankAccount", "BankAccount\14.BankAccount.csproj", "{C370E31D-0AAE-422D-888D-9444062CDA9B}"
EndProject
Global
	GlobalSection(SolutionConfigurationPlatforms) = preSolution
		Debug|Any CPU = Debug|Any CPU
		Release|Any CPU = Release|Any CPU
	EndGlobalSection
	GlobalSection(ProjectConfigurationPlatforms) = postSolution
		{26557794-9C2A-43CC-A1CB-077075FE789C}.Debug|Any CPU.ActiveCfg = Debug|Any CPU
		{26557794-9C2A-43CC-A1CB-077075FE789C}.Debug|Any CPU.Build.0 = Debug|Any CPU
		{26557794-9C2A-43CC-A1CB-077075FE789C}.Release|Any CPU.ActiveCfg = Release|Any CPU
		{26557794-9C2A-43CC-A1CB-077075FE789C}.Release|Any CPU.Build.0 = Release|Any CPU
		{18A2DA15-8738-4339-B81C-56761CECA2B9}.Debug|Any CPU.ActiveCfg = Debug|Any CPU
		{18A2DA15-8738-4339-B81C-56761CECA2B9}.Debug|Any CPU.Build.0 = Debug|Any CPU
		{18A2DA15-8738-4339-B81C-56761CECA2B9}.Release|Any CPU.ActiveCfg = Release|Any CPU
		{18A2DA15-8738-4339-B81C-56761CECA2B9}.Release|Any CPU.Build.0 = Release|Any CPU
		{DA525CD2-29C5-4CAB-82C5-19E0238C0150}.Debug|Any CPU.ActiveCfg = Debug|Any CPU
		{DA525CD2-29C5-4CAB-82C5-19E0238C0150}.Debug|Any CPU.Build.0 = Debug|Any CPU
		{DA525CD2-29C5-4CAB-82C5-19E0238C0150}.Release|Any CPU.ActiveCfg = Release|Any CPU
		{DA525CD2-29C5-4CAB-82C5-19E0238C0150}.Release|Any CPU.Build.0 = Release|Any CPU
		{B34C5D2D-C9E5-4D4C-85F9-A61DC870DB01}.Debug|Any CPU.ActiveCfg = Debug|Any CPU
		{B34C5D2D-C9E5-4D4C-85F9-A61DC870DB01}.Debug|Any CPU.Build.0 = Debug|Any CPU
		{B34C5D2D-C9E5-4D4C-85F9-A61DC870DB01}.Release|Any CPU.ActiveCfg = Release|Any CPU
		{B34C5D2D-C9E5-4D4C-85F9-A61DC870DB01}.Release|Any CPU.Build.0 = Release|Any CPU
		{FBF746AB-3267-4E42-95D7-877BC24338D4}.Debug|Any CPU.ActiveCfg = Debug|Any CPU
		{FBF746AB-3267-4E42-95D7-877BC24338D4}.Debug|Any CPU.Build.0 = Debug|Any CPU
		{FBF746AB-3267-4E42-95D7-877BC24338D4}.Release|Any CPU.ActiveCfg = Release|Any CPU
		{FBF746AB-3267-4E42-95D7-877BC24338D4}.Release|Any CPU.Build.0 = Release|Any CPU
		{22485379-CD9E-4022-B068-A7603018CC96}.Debug|Any CPU.ActiveCfg = Debug|Any CPU
		{22485379-CD9E-4022-B068-A7603018CC96}.Debug|Any CPU.Build.0 = Debug|Any CPU
		{22485379-CD9E-4022-B068-A7603018CC96}.Release|Any CPU.ActiveCfg = Release|Any CPU
		{22485379-CD9E-4022-B068-A7603018CC96}.Release|Any CPU.Build.0 = Release|Any CPU
		{059F28F6-EADF-4D40-AE7F-AC329CCD81CC}.Debug|Any CPU.ActiveCfg = Debug|Any CPU
		{059F28F6-EADF-4D40-AE7F-AC329CCD81CC}.Debug|Any CPU.Build.0 = Debug|Any CPU
		{059F28F6-EADF-4D40-AE7F-AC329CCD81CC}.Release|Any CPU.ActiveCfg = Release|Any CPU
		{059F28F6-EADF-4D40-AE7F-AC329CCD81CC}.Release|Any CPU.Build.0 = Release|Any CPU
		{F803D6E5-989F-4FFA-847E-94B77CF408C4}.Debug|Any CPU.ActiveCfg = Debug|Any CPU
		{F803D6E5-989F-4FFA-847E-94B77CF408C4}.Debug|Any CPU.Build.0 = Debug|Any CPU
		{F803D6E5-989F-4FFA-847E-94B77CF408C4}.Release|Any CPU.ActiveCfg = Release|Any CPU
		{F803D6E5-989F-4FFA-847E-94B77CF408C4}.Release|Any CPU.Build.0 = Release|Any CPU
		{44EAFE32-0AC8-4333-AB42-AD2EF8E30B2A}.Debug|Any CPU.ActiveCfg = Debug|Any CPU
		{44EAFE32-0AC8-4333-AB42-AD2EF8E30B2A}.Debug|Any CPU.Build.0 = Debug|Any CPU
		{44EAFE32-0AC8-4333-AB42-AD2EF8E30B2A}.Release|Any CPU.ActiveCfg = Release|Any CPU
		{44EAFE32-0AC8-4333-AB42-AD2EF8E30B2A}.Release|Any CPU.Build.0 = Release|Any CPU
		{329F918C-0859-48B2-99CC-FE74085149C2}.Debug|Any CPU.ActiveCfg = Debug|Any CPU
		{329F918C-0859-48B2-99CC-FE74085149C2}.Debug|Any CPU.Build.0 = Debug|Any CPU
		{329F918C-0859-48B2-99CC-FE74085149C2}.Release|Any CPU.ActiveCfg = Release|Any CPU
		{329F918C-0859-48B2-99CC-FE74085149C2}.Release|Any CPU.Build.0 = Release|Any CPU
		{539519E7-B4F6-4C01-BD1D-6F01AF510B38}.Debug|Any CPU.ActiveCfg = Debug|Any CPU
		{539519E7-B4F6-4C01-BD1D-6F01AF510B38}.Debug|Any CPU.Build.0 = Debug|Any CPU
		{539519E7-B4F6-4C01-BD1D-6F01AF510B38}.Release|Any CPU.ActiveCfg = Release|Any CPU
		{539519E7-B4F6-4C01-BD1D-6F01AF510B38}.Release|Any CPU.Build.0 = Release|Any CPU
		{1D77DC86-5CD0-4E29-AA15-21C85DEE6E09}.Debug|Any CPU.ActiveCfg = Debug|Any CPU
		{1D77DC86-5CD0-4E29-AA15-21C85DEE6E09}.Debug|Any CPU.Build.0 = Debug|Any CPU
		{1D77DC86-5CD0-4E29-AA15-21C85DEE6E09}.Release|Any CPU.ActiveCfg = Release|Any CPU
		{1D77DC86-5CD0-4E29-AA15-21C85DEE6E09}.Release|Any CPU.Build.0 = Release|Any CPU
		{8D7BC65A-35F6-4AA7-93C5-AB849F418AD2}.Debug|Any CPU.ActiveCfg = Debug|Any CPU
		{8D7BC65A-35F6-4AA7-93C5-AB849F418AD2}.Debug|Any CPU.Build.0 = Debug|Any CPU
		{8D7BC65A-35F6-4AA7-93C5-AB849F418AD2}.Release|Any CPU.ActiveCfg = Release|Any CPU
		{8D7BC65A-35F6-4AA7-93C5-AB849F418AD2}.Release|Any CPU.Build.0 = Release|Any CPU
		{C370E31D-0AAE-422D-888D-9444062CDA9B}.Debug|Any CPU.ActiveCfg = Debug|Any CPU
		{C370E31D-0AAE-422D-888D-9444062CDA9B}.Debug|Any CPU.Build.0 = Debug|Any CPU
		{C370E31D-0AAE-422D-888D-9444062CDA9B}.Release|Any CPU.ActiveCfg = Release|Any CPU
		{C370E31D-0AAE-422D-888D-9444062CDA9B}.Release|Any CPU.Build.0 = Release|Any CPU
	EndGlobalSection
	GlobalSection(SolutionProperties) = preSolution
		HideSolutionNode = FALSE
	EndGlobalSection
EndGlobal
