
Microsoft Visual Studio Solution File, Format Version 12.00
# Visual Studio 2012
Project("{FAE04EC0-301F-11D3-BF4B-00C04F79EFBC}") = "1.Cooking", "UsingStructuresConditionalStatementsLoops\1.Cooking.csproj", "{4884ECEC-C132-42E0-9AA4-1A6FB0FC8E92}"
EndProject
Project("{FAE04EC0-301F-11D3-BF4B-00C04F79EFBC}") = "2.ConditionalStatements", "ConditionalStatements\2.ConditionalStatements.csproj", "{CEEBC72D-50F6-45B2-9799-6AB22E1481D3}"
EndProject
Project("{FAE04EC0-301F-11D3-BF4B-00C04F79EFBC}") = "3.LoopRefactor", "LoopRefactor\3.LoopRefactor.csproj", "{7367055F-28E8-4EE1-AA4F-2AA7ABB4F6B7}"
EndProject
Global
	GlobalSection(SolutionConfigurationPlatforms) = preSolution
		Debug|Any CPU = Debug|Any CPU
		Release|Any CPU = Release|Any CPU
	EndGlobalSection
	GlobalSection(ProjectConfigurationPlatforms) = postSolution
		{4884ECEC-C132-42E0-9AA4-1A6FB0FC8E92}.Debug|Any CPU.ActiveCfg = Debug|Any CPU
		{4884ECEC-C132-42E0-9AA4-1A6FB0FC8E92}.Debug|Any CPU.Build.0 = Debug|Any CPU
		{4884ECEC-C132-42E0-9AA4-1A6FB0FC8E92}.Release|Any CPU.ActiveCfg = Release|Any CPU
		{4884ECEC-C132-42E0-9AA4-1A6FB0FC8E92}.Release|Any CPU.Build.0 = Release|Any CPU
		{CEEBC72D-50F6-45B2-9799-6AB22E1481D3}.Debug|Any CPU.ActiveCfg = Debug|Any CPU
		{CEEBC72D-50F6-45B2-9799-6AB22E1481D3}.Debug|Any CPU.Build.0 = Debug|Any CPU
		{CEEBC72D-50F6-45B2-9799-6AB22E1481D3}.Release|Any CPU.ActiveCfg = Release|Any CPU
		{CEEBC72D-50F6-45B2-9799-6AB22E1481D3}.Release|Any CPU.Build.0 = Release|Any CPU
		{7367055F-28E8-4EE1-AA4F-2AA7ABB4F6B7}.Debug|Any CPU.ActiveCfg = Debug|Any CPU
		{7367055F-28E8-4EE1-AA4F-2AA7ABB4F6B7}.Debug|Any CPU.Build.0 = Debug|Any CPU
		{7367055F-28E8-4EE1-AA4F-2AA7ABB4F6B7}.Release|Any CPU.ActiveCfg = Release|Any CPU
		{7367055F-28E8-4EE1-AA4F-2AA7ABB4F6B7}.Release|Any CPU.Build.0 = Release|Any CPU
	EndGlobalSection
	GlobalSection(SolutionProperties) = preSolution
		HideSolutionNode = FALSE
	EndGlobalSection
EndGlobal
