
Microsoft Visual Studio Solution File, Format Version 12.00
# Visual Studio 2012
Project("{FAE04EC0-301F-11D3-BF4B-00C04F79EFBC}") = "PhonebookRepositoryTests", "PhonebookRepositoryTests\PhonebookRepositoryTests.csproj", "{EFCD1DCE-8F32-4CE8-99FD-B1FFF4F5CA66}"
EndProject
Project("{FAE04EC0-301F-11D3-BF4B-00C04F79EFBC}") = "PhonebookRepositoryProject", "PhonebookApplication\PhonebookRepositoryProject.csproj", "{D60D857E-37F2-4205-BAB5-EE3C4B7B1911}"
EndProject
Global
	GlobalSection(SolutionConfigurationPlatforms) = preSolution
		Debug|Any CPU = Debug|Any CPU
		Release|Any CPU = Release|Any CPU
	EndGlobalSection
	GlobalSection(ProjectConfigurationPlatforms) = postSolution
		{EFCD1DCE-8F32-4CE8-99FD-B1FFF4F5CA66}.Debug|Any CPU.ActiveCfg = Debug|Any CPU
		{EFCD1DCE-8F32-4CE8-99FD-B1FFF4F5CA66}.Debug|Any CPU.Build.0 = Debug|Any CPU
		{EFCD1DCE-8F32-4CE8-99FD-B1FFF4F5CA66}.Release|Any CPU.ActiveCfg = Release|Any CPU
		{EFCD1DCE-8F32-4CE8-99FD-B1FFF4F5CA66}.Release|Any CPU.Build.0 = Release|Any CPU
		{D60D857E-37F2-4205-BAB5-EE3C4B7B1911}.Debug|Any CPU.ActiveCfg = Debug|Any CPU
		{D60D857E-37F2-4205-BAB5-EE3C4B7B1911}.Debug|Any CPU.Build.0 = Debug|Any CPU
		{D60D857E-37F2-4205-BAB5-EE3C4B7B1911}.Release|Any CPU.ActiveCfg = Release|Any CPU
		{D60D857E-37F2-4205-BAB5-EE3C4B7B1911}.Release|Any CPU.Build.0 = Release|Any CPU
	EndGlobalSection
	GlobalSection(SolutionProperties) = preSolution
		HideSolutionNode = FALSE
	EndGlobalSection
EndGlobal
