
Microsoft Visual Studio Solution File, Format Version 12.00
# Visual Studio 2012
Project("{FAE04EC0-301F-11D3-BF4B-00C04F79EFBC}") = "Task1", "Task1\Task1.csproj", "{F452B6FF-BF83-4C6F-8242-45CA1A4E2200}"
EndProject
Project("{FAE04EC0-301F-11D3-BF4B-00C04F79EFBC}") = "Task2", "Task2\Task2.csproj", "{82B2282A-DC1A-4653-987E-DE40A206EA19}"
EndProject
Project("{FAE04EC0-301F-11D3-BF4B-00C04F79EFBC}") = "Task3", "Task3\Task3.csproj", "{93A85F62-80EB-4440-9034-B9DB493FF570}"
EndProject
Project("{FAE04EC0-301F-11D3-BF4B-00C04F79EFBC}") = "Task4", "Task4\Task4.csproj", "{1241CED6-386C-41F5-AE1B-59F1F57BB556}"
EndProject
Project("{FAE04EC0-301F-11D3-BF4B-00C04F79EFBC}") = "Task5", "Task5\Task5.csproj", "{402D8970-8ED7-47ED-AB22-A7F07967512C}"
EndProject
Global
	GlobalSection(SolutionConfigurationPlatforms) = preSolution
		Debug|Any CPU = Debug|Any CPU
		Release|Any CPU = Release|Any CPU
	EndGlobalSection
	GlobalSection(ProjectConfigurationPlatforms) = postSolution
		{F452B6FF-BF83-4C6F-8242-45CA1A4E2200}.Debug|Any CPU.ActiveCfg = Debug|Any CPU
		{F452B6FF-BF83-4C6F-8242-45CA1A4E2200}.Debug|Any CPU.Build.0 = Debug|Any CPU
		{F452B6FF-BF83-4C6F-8242-45CA1A4E2200}.Release|Any CPU.ActiveCfg = Release|Any CPU
		{F452B6FF-BF83-4C6F-8242-45CA1A4E2200}.Release|Any CPU.Build.0 = Release|Any CPU
		{82B2282A-DC1A-4653-987E-DE40A206EA19}.Debug|Any CPU.ActiveCfg = Debug|Any CPU
		{82B2282A-DC1A-4653-987E-DE40A206EA19}.Debug|Any CPU.Build.0 = Debug|Any CPU
		{82B2282A-DC1A-4653-987E-DE40A206EA19}.Release|Any CPU.ActiveCfg = Release|Any CPU
		{82B2282A-DC1A-4653-987E-DE40A206EA19}.Release|Any CPU.Build.0 = Release|Any CPU
		{93A85F62-80EB-4440-9034-B9DB493FF570}.Debug|Any CPU.ActiveCfg = Debug|Any CPU
		{93A85F62-80EB-4440-9034-B9DB493FF570}.Debug|Any CPU.Build.0 = Debug|Any CPU
		{93A85F62-80EB-4440-9034-B9DB493FF570}.Release|Any CPU.ActiveCfg = Release|Any CPU
		{93A85F62-80EB-4440-9034-B9DB493FF570}.Release|Any CPU.Build.0 = Release|Any CPU
		{1241CED6-386C-41F5-AE1B-59F1F57BB556}.Debug|Any CPU.ActiveCfg = Debug|Any CPU
		{1241CED6-386C-41F5-AE1B-59F1F57BB556}.Debug|Any CPU.Build.0 = Debug|Any CPU
		{1241CED6-386C-41F5-AE1B-59F1F57BB556}.Release|Any CPU.ActiveCfg = Release|Any CPU
		{1241CED6-386C-41F5-AE1B-59F1F57BB556}.Release|Any CPU.Build.0 = Release|Any CPU
		{402D8970-8ED7-47ED-AB22-A7F07967512C}.Debug|Any CPU.ActiveCfg = Debug|Any CPU
		{402D8970-8ED7-47ED-AB22-A7F07967512C}.Debug|Any CPU.Build.0 = Debug|Any CPU
		{402D8970-8ED7-47ED-AB22-A7F07967512C}.Release|Any CPU.ActiveCfg = Release|Any CPU
		{402D8970-8ED7-47ED-AB22-A7F07967512C}.Release|Any CPU.Build.0 = Release|Any CPU
	EndGlobalSection
	GlobalSection(SolutionProperties) = preSolution
		HideSolutionNode = FALSE
	EndGlobalSection
EndGlobal
