
Microsoft Visual Studio Solution File, Format Version 12.00
# Visual Studio 2012
Project("{FAE04EC0-301F-11D3-BF4B-00C04F79EFBC}") = "01.PHPVars", "PHPVars\01.PHPVars.csproj", "{B5D91E67-2B06-4E2B-8CA6-6605B7BB6754}"
EndProject
Project("{FAE04EC0-301F-11D3-BF4B-00C04F79EFBC}") = "04.ThreeDCubes", "3DCubes\04.ThreeDCubes.csproj", "{D6F0DE8C-5962-4878-A7A3-6771F0093A87}"
EndProject
Project("{FAE04EC0-301F-11D3-BF4B-00C04F79EFBC}") = "SevenSegmentDisplay", "SevenSegmentDisplay\SevenSegmentDisplay.csproj", "{82860373-8297-4001-84B1-AEA1A3E6CF62}"
EndProject
Global
	GlobalSection(SolutionConfigurationPlatforms) = preSolution
		Debug|Any CPU = Debug|Any CPU
		Release|Any CPU = Release|Any CPU
	EndGlobalSection
	GlobalSection(ProjectConfigurationPlatforms) = postSolution
		{B5D91E67-2B06-4E2B-8CA6-6605B7BB6754}.Debug|Any CPU.ActiveCfg = Debug|Any CPU
		{B5D91E67-2B06-4E2B-8CA6-6605B7BB6754}.Debug|Any CPU.Build.0 = Debug|Any CPU
		{B5D91E67-2B06-4E2B-8CA6-6605B7BB6754}.Release|Any CPU.ActiveCfg = Release|Any CPU
		{B5D91E67-2B06-4E2B-8CA6-6605B7BB6754}.Release|Any CPU.Build.0 = Release|Any CPU
		{D6F0DE8C-5962-4878-A7A3-6771F0093A87}.Debug|Any CPU.ActiveCfg = Debug|Any CPU
		{D6F0DE8C-5962-4878-A7A3-6771F0093A87}.Debug|Any CPU.Build.0 = Debug|Any CPU
		{D6F0DE8C-5962-4878-A7A3-6771F0093A87}.Release|Any CPU.ActiveCfg = Release|Any CPU
		{D6F0DE8C-5962-4878-A7A3-6771F0093A87}.Release|Any CPU.Build.0 = Release|Any CPU
		{82860373-8297-4001-84B1-AEA1A3E6CF62}.Debug|Any CPU.ActiveCfg = Debug|Any CPU
		{82860373-8297-4001-84B1-AEA1A3E6CF62}.Debug|Any CPU.Build.0 = Debug|Any CPU
		{82860373-8297-4001-84B1-AEA1A3E6CF62}.Release|Any CPU.ActiveCfg = Release|Any CPU
		{82860373-8297-4001-84B1-AEA1A3E6CF62}.Release|Any CPU.Build.0 = Release|Any CPU
	EndGlobalSection
	GlobalSection(SolutionProperties) = preSolution
		HideSolutionNode = FALSE
	EndGlobalSection
EndGlobal
