
Microsoft Visual Studio Solution File, Format Version 12.00
# Visual Studio 2012
Project("{8BC9CEB8-8B4A-11D0-8D11-00A0C91BC942}") = "solution1", "solution1\solution1.vcxproj", "{F827BAB9-03B7-4A74-9FC1-B8D8ADCBBA83}"
EndProject
Project("{8BC9CEB8-8B4A-11D0-8D11-00A0C91BC942}") = "Solution2", "Solution2\Solution2.vcxproj", "{67A41323-2A57-48B8-8601-31ECE87D3A79}"
EndProject
Project("{8BC9CEB8-8B4A-11D0-8D11-00A0C91BC942}") = "solution3", "solution3\solution3.vcxproj", "{5FE5DD2E-ABB7-4501-BB76-9135A9938120}"
EndProject
Global
	GlobalSection(SolutionConfigurationPlatforms) = preSolution
		Debug|Win32 = Debug|Win32
		Release|Win32 = Release|Win32
	EndGlobalSection
	GlobalSection(ProjectConfigurationPlatforms) = postSolution
		{F827BAB9-03B7-4A74-9FC1-B8D8ADCBBA83}.Debug|Win32.ActiveCfg = Debug|Win32
		{F827BAB9-03B7-4A74-9FC1-B8D8ADCBBA83}.Debug|Win32.Build.0 = Debug|Win32
		{F827BAB9-03B7-4A74-9FC1-B8D8ADCBBA83}.Release|Win32.ActiveCfg = Release|Win32
		{F827BAB9-03B7-4A74-9FC1-B8D8ADCBBA83}.Release|Win32.Build.0 = Release|Win32
		{67A41323-2A57-48B8-8601-31ECE87D3A79}.Debug|Win32.ActiveCfg = Debug|Win32
		{67A41323-2A57-48B8-8601-31ECE87D3A79}.Debug|Win32.Build.0 = Debug|Win32
		{67A41323-2A57-48B8-8601-31ECE87D3A79}.Release|Win32.ActiveCfg = Release|Win32
		{67A41323-2A57-48B8-8601-31ECE87D3A79}.Release|Win32.Build.0 = Release|Win32
		{5FE5DD2E-ABB7-4501-BB76-9135A9938120}.Debug|Win32.ActiveCfg = Debug|Win32
		{5FE5DD2E-ABB7-4501-BB76-9135A9938120}.Debug|Win32.Build.0 = Debug|Win32
		{5FE5DD2E-ABB7-4501-BB76-9135A9938120}.Release|Win32.ActiveCfg = Release|Win32
		{5FE5DD2E-ABB7-4501-BB76-9135A9938120}.Release|Win32.Build.0 = Release|Win32
	EndGlobalSection
	GlobalSection(SolutionProperties) = preSolution
		HideSolutionNode = FALSE
	EndGlobalSection
EndGlobal
