
Microsoft Visual Studio Solution File, Format Version 12.00
# Visual Studio 2012
Project("{FAE04EC0-301F-11D3-BF4B-00C04F79EFBC}") = "1.FighterAttack", "FighterAttack\1.FighterAttack.csproj", "{854A4FAC-0840-472C-8618-340A1EDFDE05}"
EndProject
Project("{FAE04EC0-301F-11D3-BF4B-00C04F79EFBC}") = "2.AstrologicalDigits", "AstrologicalDigits\2.AstrologicalDigits.csproj", "{04D5A7F7-50E4-4954-BB91-445A5D368C92}"
EndProject
Project("{FAE04EC0-301F-11D3-BF4B-00C04F79EFBC}") = "3.SandGlass", "SandGlass\3.SandGlass.csproj", "{A2DA405D-2646-4FC5-8CD8-A58868723078}"
EndProject
Project("{FAE04EC0-301F-11D3-BF4B-00C04F79EFBC}") = "4.DancingBits", "DancingBits\4.DancingBits.csproj", "{DEFED34F-2308-4AD6-AF06-1609FA7389DE}"
EndProject
Project("{FAE04EC0-301F-11D3-BF4B-00C04F79EFBC}") = "5.Lines", "Lines\5.Lines.csproj", "{3B5BEA32-505B-4A2F-BF27-B19320E864C8}"
EndProject
Project("{FAE04EC0-301F-11D3-BF4B-00C04F79EFBC}") = "Exam 4.Logo", "Exam 4.Logo\Exam 4.Logo.csproj", "{488F7411-44EC-4D25-ADFD-CAEE0E9D1192}"
EndProject
Project("{FAE04EC0-301F-11D3-BF4B-00C04F79EFBC}") = "Exam 5.BitsBall", "Exam 5.BitsBall\Exam 5.BitsBall.csproj", "{A9DEED0B-DFC8-48E1-837C-627217C44C39}"
EndProject
Global
	GlobalSection(SolutionConfigurationPlatforms) = preSolution
		Debug|Any CPU = Debug|Any CPU
		Release|Any CPU = Release|Any CPU
	EndGlobalSection
	GlobalSection(ProjectConfigurationPlatforms) = postSolution
		{854A4FAC-0840-472C-8618-340A1EDFDE05}.Debug|Any CPU.ActiveCfg = Debug|Any CPU
		{854A4FAC-0840-472C-8618-340A1EDFDE05}.Debug|Any CPU.Build.0 = Debug|Any CPU
		{854A4FAC-0840-472C-8618-340A1EDFDE05}.Release|Any CPU.ActiveCfg = Release|Any CPU
		{854A4FAC-0840-472C-8618-340A1EDFDE05}.Release|Any CPU.Build.0 = Release|Any CPU
		{04D5A7F7-50E4-4954-BB91-445A5D368C92}.Debug|Any CPU.ActiveCfg = Debug|Any CPU
		{04D5A7F7-50E4-4954-BB91-445A5D368C92}.Debug|Any CPU.Build.0 = Debug|Any CPU
		{04D5A7F7-50E4-4954-BB91-445A5D368C92}.Release|Any CPU.ActiveCfg = Release|Any CPU
		{04D5A7F7-50E4-4954-BB91-445A5D368C92}.Release|Any CPU.Build.0 = Release|Any CPU
		{A2DA405D-2646-4FC5-8CD8-A58868723078}.Debug|Any CPU.ActiveCfg = Debug|Any CPU
		{A2DA405D-2646-4FC5-8CD8-A58868723078}.Debug|Any CPU.Build.0 = Debug|Any CPU
		{A2DA405D-2646-4FC5-8CD8-A58868723078}.Release|Any CPU.ActiveCfg = Release|Any CPU
		{A2DA405D-2646-4FC5-8CD8-A58868723078}.Release|Any CPU.Build.0 = Release|Any CPU
		{DEFED34F-2308-4AD6-AF06-1609FA7389DE}.Debug|Any CPU.ActiveCfg = Debug|Any CPU
		{DEFED34F-2308-4AD6-AF06-1609FA7389DE}.Debug|Any CPU.Build.0 = Debug|Any CPU
		{DEFED34F-2308-4AD6-AF06-1609FA7389DE}.Release|Any CPU.ActiveCfg = Release|Any CPU
		{DEFED34F-2308-4AD6-AF06-1609FA7389DE}.Release|Any CPU.Build.0 = Release|Any CPU
		{3B5BEA32-505B-4A2F-BF27-B19320E864C8}.Debug|Any CPU.ActiveCfg = Debug|Any CPU
		{3B5BEA32-505B-4A2F-BF27-B19320E864C8}.Debug|Any CPU.Build.0 = Debug|Any CPU
		{3B5BEA32-505B-4A2F-BF27-B19320E864C8}.Release|Any CPU.ActiveCfg = Release|Any CPU
		{3B5BEA32-505B-4A2F-BF27-B19320E864C8}.Release|Any CPU.Build.0 = Release|Any CPU
		{488F7411-44EC-4D25-ADFD-CAEE0E9D1192}.Debug|Any CPU.ActiveCfg = Debug|Any CPU
		{488F7411-44EC-4D25-ADFD-CAEE0E9D1192}.Debug|Any CPU.Build.0 = Debug|Any CPU
		{488F7411-44EC-4D25-ADFD-CAEE0E9D1192}.Release|Any CPU.ActiveCfg = Release|Any CPU
		{488F7411-44EC-4D25-ADFD-CAEE0E9D1192}.Release|Any CPU.Build.0 = Release|Any CPU
		{A9DEED0B-DFC8-48E1-837C-627217C44C39}.Debug|Any CPU.ActiveCfg = Debug|Any CPU
		{A9DEED0B-DFC8-48E1-837C-627217C44C39}.Debug|Any CPU.Build.0 = Debug|Any CPU
		{A9DEED0B-DFC8-48E1-837C-627217C44C39}.Release|Any CPU.ActiveCfg = Release|Any CPU
		{A9DEED0B-DFC8-48E1-837C-627217C44C39}.Release|Any CPU.Build.0 = Release|Any CPU
	EndGlobalSection
	GlobalSection(SolutionProperties) = preSolution
		HideSolutionNode = FALSE
	EndGlobalSection
EndGlobal
