
Microsoft Visual Studio Solution File, Format Version 12.00
# Visual Studio 2012
Project("{FAE04EC0-301F-11D3-BF4B-00C04F79EFBC}") = "02.ReadAndReverse", "ReadAndReverse\02.ReadAndReverse.csproj", "{90548DE3-143F-40FA-AE54-E1E7FB1AB74D}"
EndProject
Project("{FAE04EC0-301F-11D3-BF4B-00C04F79EFBC}") = "03.CheckBrackets", "CheckBrackets\03.CheckBrackets.csproj", "{036D4F64-2658-4C29-9C7C-DC7393CEE09A}"
EndProject
Project("{FAE04EC0-301F-11D3-BF4B-00C04F79EFBC}") = "04.CountSubstring", "CountSubstring\04.CountSubstring.csproj", "{7D33F34E-719E-4904-B0FC-2031883C9082}"
EndProject
Project("{FAE04EC0-301F-11D3-BF4B-00C04F79EFBC}") = "05.UpcaseTag", "UpcaseTag\05.UpcaseTag.csproj", "{74930A5F-EBE6-4823-895D-2E44DAFF7002}"
EndProject
Project("{FAE04EC0-301F-11D3-BF4B-00C04F79EFBC}") = "06.Read20Chars", "Read20Chars\06.Read20Chars.csproj", "{5059E77E-2AEB-422D-86FC-F86A997C8212}"
EndProject
Project("{FAE04EC0-301F-11D3-BF4B-00C04F79EFBC}") = "07.DecodingString", "DecodingString\07.DecodingString.csproj", "{C30A0372-0F66-4E4D-943F-CBFB455E06A4}"
EndProject
Project("{FAE04EC0-301F-11D3-BF4B-00C04F79EFBC}") = "08.ExtractSentences", "ExtractSentences\08.ExtractSentences.csproj", "{42FCFE18-DE22-4381-AF05-3BDBC5DAE105}"
EndProject
Project("{FAE04EC0-301F-11D3-BF4B-00C04F79EFBC}") = "09.ForbiddenWords", "ForbiddenWords\09.ForbiddenWords.csproj", "{FC2C0D5E-C1B9-40B4-9D79-5362B0754FDF}"
EndProject
Project("{FAE04EC0-301F-11D3-BF4B-00C04F79EFBC}") = "10.UnicodeChars", "UnicodeChars\10.UnicodeChars.csproj", "{B18C63E6-95D5-4466-A28E-D9A156A93A8A}"
EndProject
Project("{FAE04EC0-301F-11D3-BF4B-00C04F79EFBC}") = "11.FormatingStrings", "FormatingStrings\11.FormatingStrings.csproj", "{DBDFA303-9D95-4C24-AAF4-02002B2F006E}"
EndProject
Project("{FAE04EC0-301F-11D3-BF4B-00C04F79EFBC}") = "12.ExtractURL", "ExtractURL\12.ExtractURL.csproj", "{EE089B46-E0F4-40C9-BC79-6373DAF71DE5}"
EndProject
Project("{FAE04EC0-301F-11D3-BF4B-00C04F79EFBC}") = "13.ReverseWords", "ReverseWords\13.ReverseWords.csproj", "{88704453-F4E0-4917-BB82-D9ECCB889057}"
EndProject
Project("{FAE04EC0-301F-11D3-BF4B-00C04F79EFBC}") = "14.Dictionary", "Dictonary\14.Dictionary.csproj", "{834299FA-F59B-40CB-AB6A-390065C0815C}"
EndProject
Project("{FAE04EC0-301F-11D3-BF4B-00C04F79EFBC}") = "15.ReplaceURLs", "ReplaceURLs\15.ReplaceURLs.csproj", "{A677ED2B-8E6F-4938-BD56-D7BA7352CF46}"
EndProject
Project("{FAE04EC0-301F-11D3-BF4B-00C04F79EFBC}") = "16.CalculateDates", "CalculateDates\16.CalculateDates.csproj", "{3525BA7E-AD74-4DD4-89DB-5D4B5D4831E4}"
EndProject
Project("{FAE04EC0-301F-11D3-BF4B-00C04F79EFBC}") = "17.SixHoursInTheFuture", "SixHoursInTheFuture\17.SixHoursInTheFuture.csproj", "{8B7718AF-AF25-47B9-B694-84D7F496C749}"
EndProject
Project("{FAE04EC0-301F-11D3-BF4B-00C04F79EFBC}") = "18.GetEmail", "GetEmail\18.GetEmail.csproj", "{D5291224-34C2-4E80-B0B4-999794895CE0}"
EndProject
Project("{FAE04EC0-301F-11D3-BF4B-00C04F79EFBC}") = "19.ExtractDatesFromText", "ExtractDatesFromText\19.ExtractDatesFromText.csproj", "{37F270B7-B8BE-44A8-ABED-FF525AA21B99}"
EndProject
Project("{FAE04EC0-301F-11D3-BF4B-00C04F79EFBC}") = "20,Palindromes", "Palindromes\20,Palindromes.csproj", "{7461C408-1564-4FA8-9C9F-9561C4F351A7}"
EndProject
Project("{FAE04EC0-301F-11D3-BF4B-00C04F79EFBC}") = "21.PrintDifferentLetters", "PrintDifferentLetters\21.PrintDifferentLetters.csproj", "{073FBBA3-AC0F-4378-9516-F39F8E8CFCD0}"
EndProject
Project("{FAE04EC0-301F-11D3-BF4B-00C04F79EFBC}") = "23.ReplaceWithOne", "ReplaceWithOne\23.ReplaceWithOne.csproj", "{ED4F0FA5-6ACD-4A40-89F1-B24C48BD0A9F}"
EndProject
Project("{FAE04EC0-301F-11D3-BF4B-00C04F79EFBC}") = "22.PrintDiffWords", "PrintDiffWords\22.PrintDiffWords.csproj", "{DAFFEF84-A222-43F5-A481-91BE4D2AFA82}"
EndProject
Project("{FAE04EC0-301F-11D3-BF4B-00C04F79EFBC}") = "24.FromListOfWords", "FromListOfWords\24.FromListOfWords.csproj", "{08EA192D-D1B6-4E42-B45C-3234392D5D45}"
EndProject
Project("{FAE04EC0-301F-11D3-BF4B-00C04F79EFBC}") = "25.ExtractHTML", "ExtractHTML\25.ExtractHTML.csproj", "{86AE87B9-8C17-403A-9C20-4D17EFD8E84F}"
EndProject
Global
	GlobalSection(SolutionConfigurationPlatforms) = preSolution
		Debug|Any CPU = Debug|Any CPU
		Release|Any CPU = Release|Any CPU
	EndGlobalSection
	GlobalSection(ProjectConfigurationPlatforms) = postSolution
		{90548DE3-143F-40FA-AE54-E1E7FB1AB74D}.Debug|Any CPU.ActiveCfg = Debug|Any CPU
		{90548DE3-143F-40FA-AE54-E1E7FB1AB74D}.Debug|Any CPU.Build.0 = Debug|Any CPU
		{90548DE3-143F-40FA-AE54-E1E7FB1AB74D}.Release|Any CPU.ActiveCfg = Release|Any CPU
		{90548DE3-143F-40FA-AE54-E1E7FB1AB74D}.Release|Any CPU.Build.0 = Release|Any CPU
		{036D4F64-2658-4C29-9C7C-DC7393CEE09A}.Debug|Any CPU.ActiveCfg = Debug|Any CPU
		{036D4F64-2658-4C29-9C7C-DC7393CEE09A}.Debug|Any CPU.Build.0 = Debug|Any CPU
		{036D4F64-2658-4C29-9C7C-DC7393CEE09A}.Release|Any CPU.ActiveCfg = Release|Any CPU
		{036D4F64-2658-4C29-9C7C-DC7393CEE09A}.Release|Any CPU.Build.0 = Release|Any CPU
		{7D33F34E-719E-4904-B0FC-2031883C9082}.Debug|Any CPU.ActiveCfg = Debug|Any CPU
		{7D33F34E-719E-4904-B0FC-2031883C9082}.Debug|Any CPU.Build.0 = Debug|Any CPU
		{7D33F34E-719E-4904-B0FC-2031883C9082}.Release|Any CPU.ActiveCfg = Release|Any CPU
		{7D33F34E-719E-4904-B0FC-2031883C9082}.Release|Any CPU.Build.0 = Release|Any CPU
		{74930A5F-EBE6-4823-895D-2E44DAFF7002}.Debug|Any CPU.ActiveCfg = Debug|Any CPU
		{74930A5F-EBE6-4823-895D-2E44DAFF7002}.Debug|Any CPU.Build.0 = Debug|Any CPU
		{74930A5F-EBE6-4823-895D-2E44DAFF7002}.Release|Any CPU.ActiveCfg = Release|Any CPU
		{74930A5F-EBE6-4823-895D-2E44DAFF7002}.Release|Any CPU.Build.0 = Release|Any CPU
		{5059E77E-2AEB-422D-86FC-F86A997C8212}.Debug|Any CPU.ActiveCfg = Debug|Any CPU
		{5059E77E-2AEB-422D-86FC-F86A997C8212}.Debug|Any CPU.Build.0 = Debug|Any CPU
		{5059E77E-2AEB-422D-86FC-F86A997C8212}.Release|Any CPU.ActiveCfg = Release|Any CPU
		{5059E77E-2AEB-422D-86FC-F86A997C8212}.Release|Any CPU.Build.0 = Release|Any CPU
		{C30A0372-0F66-4E4D-943F-CBFB455E06A4}.Debug|Any CPU.ActiveCfg = Debug|Any CPU
		{C30A0372-0F66-4E4D-943F-CBFB455E06A4}.Debug|Any CPU.Build.0 = Debug|Any CPU
		{C30A0372-0F66-4E4D-943F-CBFB455E06A4}.Release|Any CPU.ActiveCfg = Release|Any CPU
		{C30A0372-0F66-4E4D-943F-CBFB455E06A4}.Release|Any CPU.Build.0 = Release|Any CPU
		{42FCFE18-DE22-4381-AF05-3BDBC5DAE105}.Debug|Any CPU.ActiveCfg = Debug|Any CPU
		{42FCFE18-DE22-4381-AF05-3BDBC5DAE105}.Debug|Any CPU.Build.0 = Debug|Any CPU
		{42FCFE18-DE22-4381-AF05-3BDBC5DAE105}.Release|Any CPU.ActiveCfg = Release|Any CPU
		{42FCFE18-DE22-4381-AF05-3BDBC5DAE105}.Release|Any CPU.Build.0 = Release|Any CPU
		{FC2C0D5E-C1B9-40B4-9D79-5362B0754FDF}.Debug|Any CPU.ActiveCfg = Debug|Any CPU
		{FC2C0D5E-C1B9-40B4-9D79-5362B0754FDF}.Debug|Any CPU.Build.0 = Debug|Any CPU
		{FC2C0D5E-C1B9-40B4-9D79-5362B0754FDF}.Release|Any CPU.ActiveCfg = Release|Any CPU
		{FC2C0D5E-C1B9-40B4-9D79-5362B0754FDF}.Release|Any CPU.Build.0 = Release|Any CPU
		{B18C63E6-95D5-4466-A28E-D9A156A93A8A}.Debug|Any CPU.ActiveCfg = Debug|Any CPU
		{B18C63E6-95D5-4466-A28E-D9A156A93A8A}.Debug|Any CPU.Build.0 = Debug|Any CPU
		{B18C63E6-95D5-4466-A28E-D9A156A93A8A}.Release|Any CPU.ActiveCfg = Release|Any CPU
		{B18C63E6-95D5-4466-A28E-D9A156A93A8A}.Release|Any CPU.Build.0 = Release|Any CPU
		{DBDFA303-9D95-4C24-AAF4-02002B2F006E}.Debug|Any CPU.ActiveCfg = Debug|Any CPU
		{DBDFA303-9D95-4C24-AAF4-02002B2F006E}.Debug|Any CPU.Build.0 = Debug|Any CPU
		{DBDFA303-9D95-4C24-AAF4-02002B2F006E}.Release|Any CPU.ActiveCfg = Release|Any CPU
		{DBDFA303-9D95-4C24-AAF4-02002B2F006E}.Release|Any CPU.Build.0 = Release|Any CPU
		{EE089B46-E0F4-40C9-BC79-6373DAF71DE5}.Debug|Any CPU.ActiveCfg = Debug|Any CPU
		{EE089B46-E0F4-40C9-BC79-6373DAF71DE5}.Debug|Any CPU.Build.0 = Debug|Any CPU
		{EE089B46-E0F4-40C9-BC79-6373DAF71DE5}.Release|Any CPU.ActiveCfg = Release|Any CPU
		{EE089B46-E0F4-40C9-BC79-6373DAF71DE5}.Release|Any CPU.Build.0 = Release|Any CPU
		{88704453-F4E0-4917-BB82-D9ECCB889057}.Debug|Any CPU.ActiveCfg = Debug|Any CPU
		{88704453-F4E0-4917-BB82-D9ECCB889057}.Debug|Any CPU.Build.0 = Debug|Any CPU
		{88704453-F4E0-4917-BB82-D9ECCB889057}.Release|Any CPU.ActiveCfg = Release|Any CPU
		{88704453-F4E0-4917-BB82-D9ECCB889057}.Release|Any CPU.Build.0 = Release|Any CPU
		{834299FA-F59B-40CB-AB6A-390065C0815C}.Debug|Any CPU.ActiveCfg = Debug|Any CPU
		{834299FA-F59B-40CB-AB6A-390065C0815C}.Debug|Any CPU.Build.0 = Debug|Any CPU
		{834299FA-F59B-40CB-AB6A-390065C0815C}.Release|Any CPU.ActiveCfg = Release|Any CPU
		{834299FA-F59B-40CB-AB6A-390065C0815C}.Release|Any CPU.Build.0 = Release|Any CPU
		{A677ED2B-8E6F-4938-BD56-D7BA7352CF46}.Debug|Any CPU.ActiveCfg = Debug|Any CPU
		{A677ED2B-8E6F-4938-BD56-D7BA7352CF46}.Debug|Any CPU.Build.0 = Debug|Any CPU
		{A677ED2B-8E6F-4938-BD56-D7BA7352CF46}.Release|Any CPU.ActiveCfg = Release|Any CPU
		{A677ED2B-8E6F-4938-BD56-D7BA7352CF46}.Release|Any CPU.Build.0 = Release|Any CPU
		{3525BA7E-AD74-4DD4-89DB-5D4B5D4831E4}.Debug|Any CPU.ActiveCfg = Debug|Any CPU
		{3525BA7E-AD74-4DD4-89DB-5D4B5D4831E4}.Debug|Any CPU.Build.0 = Debug|Any CPU
		{3525BA7E-AD74-4DD4-89DB-5D4B5D4831E4}.Release|Any CPU.ActiveCfg = Release|Any CPU
		{3525BA7E-AD74-4DD4-89DB-5D4B5D4831E4}.Release|Any CPU.Build.0 = Release|Any CPU
		{8B7718AF-AF25-47B9-B694-84D7F496C749}.Debug|Any CPU.ActiveCfg = Debug|Any CPU
		{8B7718AF-AF25-47B9-B694-84D7F496C749}.Debug|Any CPU.Build.0 = Debug|Any CPU
		{8B7718AF-AF25-47B9-B694-84D7F496C749}.Release|Any CPU.ActiveCfg = Release|Any CPU
		{8B7718AF-AF25-47B9-B694-84D7F496C749}.Release|Any CPU.Build.0 = Release|Any CPU
		{D5291224-34C2-4E80-B0B4-999794895CE0}.Debug|Any CPU.ActiveCfg = Debug|Any CPU
		{D5291224-34C2-4E80-B0B4-999794895CE0}.Debug|Any CPU.Build.0 = Debug|Any CPU
		{D5291224-34C2-4E80-B0B4-999794895CE0}.Release|Any CPU.ActiveCfg = Release|Any CPU
		{D5291224-34C2-4E80-B0B4-999794895CE0}.Release|Any CPU.Build.0 = Release|Any CPU
		{37F270B7-B8BE-44A8-ABED-FF525AA21B99}.Debug|Any CPU.ActiveCfg = Debug|Any CPU
		{37F270B7-B8BE-44A8-ABED-FF525AA21B99}.Debug|Any CPU.Build.0 = Debug|Any CPU
		{37F270B7-B8BE-44A8-ABED-FF525AA21B99}.Release|Any CPU.ActiveCfg = Release|Any CPU
		{37F270B7-B8BE-44A8-ABED-FF525AA21B99}.Release|Any CPU.Build.0 = Release|Any CPU
		{7461C408-1564-4FA8-9C9F-9561C4F351A7}.Debug|Any CPU.ActiveCfg = Debug|Any CPU
		{7461C408-1564-4FA8-9C9F-9561C4F351A7}.Debug|Any CPU.Build.0 = Debug|Any CPU
		{7461C408-1564-4FA8-9C9F-9561C4F351A7}.Release|Any CPU.ActiveCfg = Release|Any CPU
		{7461C408-1564-4FA8-9C9F-9561C4F351A7}.Release|Any CPU.Build.0 = Release|Any CPU
		{073FBBA3-AC0F-4378-9516-F39F8E8CFCD0}.Debug|Any CPU.ActiveCfg = Debug|Any CPU
		{073FBBA3-AC0F-4378-9516-F39F8E8CFCD0}.Debug|Any CPU.Build.0 = Debug|Any CPU
		{073FBBA3-AC0F-4378-9516-F39F8E8CFCD0}.Release|Any CPU.ActiveCfg = Release|Any CPU
		{073FBBA3-AC0F-4378-9516-F39F8E8CFCD0}.Release|Any CPU.Build.0 = Release|Any CPU
		{ED4F0FA5-6ACD-4A40-89F1-B24C48BD0A9F}.Debug|Any CPU.ActiveCfg = Debug|Any CPU
		{ED4F0FA5-6ACD-4A40-89F1-B24C48BD0A9F}.Debug|Any CPU.Build.0 = Debug|Any CPU
		{ED4F0FA5-6ACD-4A40-89F1-B24C48BD0A9F}.Release|Any CPU.ActiveCfg = Release|Any CPU
		{ED4F0FA5-6ACD-4A40-89F1-B24C48BD0A9F}.Release|Any CPU.Build.0 = Release|Any CPU
		{DAFFEF84-A222-43F5-A481-91BE4D2AFA82}.Debug|Any CPU.ActiveCfg = Debug|Any CPU
		{DAFFEF84-A222-43F5-A481-91BE4D2AFA82}.Debug|Any CPU.Build.0 = Debug|Any CPU
		{DAFFEF84-A222-43F5-A481-91BE4D2AFA82}.Release|Any CPU.ActiveCfg = Release|Any CPU
		{DAFFEF84-A222-43F5-A481-91BE4D2AFA82}.Release|Any CPU.Build.0 = Release|Any CPU
		{08EA192D-D1B6-4E42-B45C-3234392D5D45}.Debug|Any CPU.ActiveCfg = Debug|Any CPU
		{08EA192D-D1B6-4E42-B45C-3234392D5D45}.Debug|Any CPU.Build.0 = Debug|Any CPU
		{08EA192D-D1B6-4E42-B45C-3234392D5D45}.Release|Any CPU.ActiveCfg = Release|Any CPU
		{08EA192D-D1B6-4E42-B45C-3234392D5D45}.Release|Any CPU.Build.0 = Release|Any CPU
		{86AE87B9-8C17-403A-9C20-4D17EFD8E84F}.Debug|Any CPU.ActiveCfg = Debug|Any CPU
		{86AE87B9-8C17-403A-9C20-4D17EFD8E84F}.Debug|Any CPU.Build.0 = Debug|Any CPU
		{86AE87B9-8C17-403A-9C20-4D17EFD8E84F}.Release|Any CPU.ActiveCfg = Release|Any CPU
		{86AE87B9-8C17-403A-9C20-4D17EFD8E84F}.Release|Any CPU.Build.0 = Release|Any CPU
	EndGlobalSection
	GlobalSection(SolutionProperties) = preSolution
		HideSolutionNode = FALSE
	EndGlobalSection
EndGlobal
