
Microsoft Visual Studio Solution File, Format Version 12.00
# Visual Studio 2012
Project("{FAE04EC0-301F-11D3-BF4B-00C04F79EFBC}") = "Simple CSS Ticket", "Homework-Overview\Simple CSS Ticket.csproj", "{787A3BE2-ABE2-4503-8EC0-C9936C28AFBC}"
EndProject
Project("{FAE04EC0-301F-11D3-BF4B-00C04F79EFBC}") = "ContactBook", "ContactBook\ContactBook.csproj", "{2563CD6A-F21D-4C40-BDD5-7709F57913CA}"
EndProject
Project("{FAE04EC0-301F-11D3-BF4B-00C04F79EFBC}") = "RefactoringWebsite", "RefactoringWebsite\RefactoringWebsite.csproj", "{8EE7306D-0C68-4246-BE1A-0C7ECAADC403}"
EndProject
Global
	GlobalSection(SolutionConfigurationPlatforms) = preSolution
		Debug|Any CPU = Debug|Any CPU
		Release|Any CPU = Release|Any CPU
	EndGlobalSection
	GlobalSection(ProjectConfigurationPlatforms) = postSolution
		{787A3BE2-ABE2-4503-8EC0-C9936C28AFBC}.Debug|Any CPU.ActiveCfg = Debug|Any CPU
		{787A3BE2-ABE2-4503-8EC0-C9936C28AFBC}.Debug|Any CPU.Build.0 = Debug|Any CPU
		{787A3BE2-ABE2-4503-8EC0-C9936C28AFBC}.Release|Any CPU.ActiveCfg = Release|Any CPU
		{787A3BE2-ABE2-4503-8EC0-C9936C28AFBC}.Release|Any CPU.Build.0 = Release|Any CPU
		{2563CD6A-F21D-4C40-BDD5-7709F57913CA}.Debug|Any CPU.ActiveCfg = Debug|Any CPU
		{2563CD6A-F21D-4C40-BDD5-7709F57913CA}.Debug|Any CPU.Build.0 = Debug|Any CPU
		{2563CD6A-F21D-4C40-BDD5-7709F57913CA}.Release|Any CPU.ActiveCfg = Release|Any CPU
		{2563CD6A-F21D-4C40-BDD5-7709F57913CA}.Release|Any CPU.Build.0 = Release|Any CPU
		{8EE7306D-0C68-4246-BE1A-0C7ECAADC403}.Debug|Any CPU.ActiveCfg = Debug|Any CPU
		{8EE7306D-0C68-4246-BE1A-0C7ECAADC403}.Debug|Any CPU.Build.0 = Debug|Any CPU
		{8EE7306D-0C68-4246-BE1A-0C7ECAADC403}.Release|Any CPU.ActiveCfg = Release|Any CPU
		{8EE7306D-0C68-4246-BE1A-0C7ECAADC403}.Release|Any CPU.Build.0 = Release|Any CPU
	EndGlobalSection
	GlobalSection(SolutionProperties) = preSolution
		HideSolutionNode = FALSE
	EndGlobalSection
EndGlobal
